
Microsoft Visual Studio Solution File, Format Version 12.00
# Visual Studio Version 16
VisualStudioVersion = 16.0.31025.194
MinimumVisualStudioVersion = 10.0.40219.1
Project("{FAE04EC0-301F-11D3-BF4B-00C04F79EFBC}") = "Estant.View", "Estant.View\Estant.View.csproj", "{D8EB5D93-D4D1-427E-B063-2BE07D2D6DA8}"
EndProject
Project("{FAE04EC0-301F-11D3-BF4B-00C04F79EFBC}") = "EstantWF.Material", "EstantWF.Material\EstantWF.Material.csproj", "{EBC9051E-DD66-465E-B215-028B346ABF20}"
EndProject
Project("{FAE04EC0-301F-11D3-BF4B-00C04F79EFBC}") = "EstantNF.Core", "EstantNF.Core\EstantNF.Core.csproj", "{69EEA858-22E8-4C9C-8D26-CC55E8E8FED6}"
EndProject
Global
	GlobalSection(SolutionConfigurationPlatforms) = preSolution
		Debug|Any CPU = Debug|Any CPU
		Release|Any CPU = Release|Any CPU
	EndGlobalSection
	GlobalSection(ProjectConfigurationPlatforms) = postSolution
		{D8EB5D93-D4D1-427E-B063-2BE07D2D6DA8}.Debug|Any CPU.ActiveCfg = Debug|Any CPU
		{D8EB5D93-D4D1-427E-B063-2BE07D2D6DA8}.Debug|Any CPU.Build.0 = Debug|Any CPU
		{D8EB5D93-D4D1-427E-B063-2BE07D2D6DA8}.Release|Any CPU.ActiveCfg = Release|Any CPU
		{D8EB5D93-D4D1-427E-B063-2BE07D2D6DA8}.Release|Any CPU.Build.0 = Release|Any CPU
		{EBC9051E-DD66-465E-B215-028B346ABF20}.Debug|Any CPU.ActiveCfg = Debug|Any CPU
		{EBC9051E-DD66-465E-B215-028B346ABF20}.Debug|Any CPU.Build.0 = Debug|Any CPU
		{EBC9051E-DD66-465E-B215-028B346ABF20}.Release|Any CPU.ActiveCfg = Release|Any CPU
		{EBC9051E-DD66-465E-B215-028B346ABF20}.Release|Any CPU.Build.0 = Release|Any CPU
		{69EEA858-22E8-4C9C-8D26-CC55E8E8FED6}.Debug|Any CPU.ActiveCfg = Debug|Any CPU
		{69EEA858-22E8-4C9C-8D26-CC55E8E8FED6}.Debug|Any CPU.Build.0 = Debug|Any CPU
		{69EEA858-22E8-4C9C-8D26-CC55E8E8FED6}.Release|Any CPU.ActiveCfg = Release|Any CPU
		{69EEA858-22E8-4C9C-8D26-CC55E8E8FED6}.Release|Any CPU.Build.0 = Release|Any CPU
	EndGlobalSection
	GlobalSection(SolutionProperties) = preSolution
		HideSolutionNode = FALSE
	EndGlobalSection
	GlobalSection(ExtensibilityGlobals) = postSolution
		SolutionGuid = {21CE871C-F291-42C0-ACCC-E37B177EA2A7}
	EndGlobalSection
EndGlobal
